
Microsoft Visual Studio Solution File, Format Version 12.00
# Visual Studio Version 17
VisualStudioVersion = 17.7.34003.232
MinimumVisualStudioVersion = 10.0.40219.1
Project("{9A19103F-16F7-4668-BE54-9A1E7A4F7556}") = "AnalogClock", "AnalogClock\AnalogClock.csproj", "{DB4F08C9-0C15-400D-8C45-BC6930EB8F58}"
EndProject
Project("{9A19103F-16F7-4668-BE54-9A1E7A4F7556}") = "AnalogClock.Desktop", "AnalogClock.Desktop\AnalogClock.Desktop.csproj", "{E945A021-A0C5-4C38-9935-EE652CDFF21F}"
EndProject
Global
	GlobalSection(SolutionConfigurationPlatforms) = preSolution
		Debug|Any CPU = Debug|Any CPU
		Release|Any CPU = Release|Any CPU
	EndGlobalSection
	GlobalSection(ProjectConfigurationPlatforms) = postSolution
		{DB4F08C9-0C15-400D-8C45-BC6930EB8F58}.Debug|Any CPU.ActiveCfg = Debug|Any CPU
		{DB4F08C9-0C15-400D-8C45-BC6930EB8F58}.Debug|Any CPU.Build.0 = Debug|Any CPU
		{DB4F08C9-0C15-400D-8C45-BC6930EB8F58}.Release|Any CPU.ActiveCfg = Release|Any CPU
		{DB4F08C9-0C15-400D-8C45-BC6930EB8F58}.Release|Any CPU.Build.0 = Release|Any CPU
		{E945A021-A0C5-4C38-9935-EE652CDFF21F}.Debug|Any CPU.ActiveCfg = Debug|Any CPU
		{E945A021-A0C5-4C38-9935-EE652CDFF21F}.Debug|Any CPU.Build.0 = Debug|Any CPU
		{E945A021-A0C5-4C38-9935-EE652CDFF21F}.Release|Any CPU.ActiveCfg = Release|Any CPU
		{E945A021-A0C5-4C38-9935-EE652CDFF21F}.Release|Any CPU.Build.0 = Release|Any CPU
	EndGlobalSection
	GlobalSection(SolutionProperties) = preSolution
		HideSolutionNode = FALSE
	EndGlobalSection
	GlobalSection(ExtensibilityGlobals) = postSolution
		SolutionGuid = {A312DAAD-ADE9-4432-9653-D108D5C8A185}
	EndGlobalSection
EndGlobal
