
Microsoft Visual Studio Solution File, Format Version 12.00
# Visual Studio Version 17
VisualStudioVersion = 17.7.34003.232
MinimumVisualStudioVersion = 10.0.40219.1
Project("{9A19103F-16F7-4668-BE54-9A1E7A4F7556}") = "ThermometrApp", "ThermometrApp\ThermometrApp.csproj", "{8FC82906-1302-4518-AF35-D7060872D075}"
EndProject
Project("{9A19103F-16F7-4668-BE54-9A1E7A4F7556}") = "ThermometrApp.Desktop", "ThermometrApp.Desktop\ThermometrApp.Desktop.csproj", "{A9300393-F59C-43DF-A472-A77862FD42D4}"
EndProject
Global
	GlobalSection(SolutionConfigurationPlatforms) = preSolution
		Debug|Any CPU = Debug|Any CPU
		Release|Any CPU = Release|Any CPU
	EndGlobalSection
	GlobalSection(ProjectConfigurationPlatforms) = postSolution
		{8FC82906-1302-4518-AF35-D7060872D075}.Debug|Any CPU.ActiveCfg = Debug|Any CPU
		{8FC82906-1302-4518-AF35-D7060872D075}.Debug|Any CPU.Build.0 = Debug|Any CPU
		{8FC82906-1302-4518-AF35-D7060872D075}.Release|Any CPU.ActiveCfg = Release|Any CPU
		{8FC82906-1302-4518-AF35-D7060872D075}.Release|Any CPU.Build.0 = Release|Any CPU
		{A9300393-F59C-43DF-A472-A77862FD42D4}.Debug|Any CPU.ActiveCfg = Debug|Any CPU
		{A9300393-F59C-43DF-A472-A77862FD42D4}.Debug|Any CPU.Build.0 = Debug|Any CPU
		{A9300393-F59C-43DF-A472-A77862FD42D4}.Release|Any CPU.ActiveCfg = Release|Any CPU
		{A9300393-F59C-43DF-A472-A77862FD42D4}.Release|Any CPU.Build.0 = Release|Any CPU
	EndGlobalSection
	GlobalSection(SolutionProperties) = preSolution
		HideSolutionNode = FALSE
	EndGlobalSection
	GlobalSection(ExtensibilityGlobals) = postSolution
		SolutionGuid = {B0F39A76-B7F1-4506-9FC7-13C9618C8397}
	EndGlobalSection
EndGlobal
